<?xml version="1.0" encoding="utf-8"?>
<Project ToolsVersion="4.0" xmlns="http://schemas.microsoft.com/developer/msbuild/2003">
  <ItemGroup>
    <Filter Include="源文件">
      <UniqueIdentifier>{4FC737F1-C7A5-4376-A066-2A32D752A2FF}</UniqueIdentifier>
      <Extensions>cpp;c;cc;cxx;def;odl;idl;hpj;bat;asm;asmx</Extensions>
    </Filter>
    <Filter Include="头文件">
      <UniqueIdentifier>{93995380-89BD-4b04-88EB-625FBE52EBFB}</UniqueIdentifier>
      <Extensions>h;hh;hpp;hxx;hm;inl;inc;xsd</Extensions>
    </Filter>
    <Filter Include="资源文件">
      <UniqueIdentifier>{67DA6AB6-F800-4c08-8B7A-83BB121AAD01}</UniqueIdentifier>
      <Extensions>rc;ico;cur;bmp;dlg;rc2;rct;bin;rgs;gif;jpg;jpeg;jpe;resx;tiff;tif;png;wav;mfcribbon-ms</Extensions>
    </Filter>
    <Filter Include="头文件\VC140">
      <UniqueIdentifier>{817b867d-a116-48c5-a4cd-3e55956d838c}</UniqueIdentifier>
    </Filter>
    <Filter Include="资源文件\libx64">
      <UniqueIdentifier>{ce6de632-b609-4666-904c-8a93ae7a019e}</UniqueIdentifier>
    </Filter>
    <Filter Include="资源文件\libx86">
      <UniqueIdentifier>{378df901-3173-4220-8bd5-f07dac56197f}</UniqueIdentifier>
    </Filter>
  </ItemGroup>
  <ItemGroup>
    <Text Include="ReadMe.txt" />
  </ItemGroup>
  <ItemGroup>
    <ClInclude Include="_msvcrt.h">
      <Filter>头文件</Filter>
    </ClInclude>
    <ClInclude Include="VC140\agents.h">
      <Filter>头文件\VC140</Filter>
    </ClInclude>
    <ClInclude Include="VC140\agile.h">
      <Filter>头文件\VC140</Filter>
    </ClInclude>
    <ClInclude Include="VC140\ammintrin.h">
      <Filter>头文件\VC140</Filter>
    </ClInclude>
    <ClInclude Include="VC140\amp.h">
      <Filter>头文件\VC140</Filter>
    </ClInclude>
    <ClInclude Include="VC140\amp_graphics.h">
      <Filter>头文件\VC140</Filter>
    </ClInclude>
    <ClInclude Include="VC140\amp_math.h">
      <Filter>头文件\VC140</Filter>
    </ClInclude>
    <ClInclude Include="VC140\amp_short_vectors.h">
      <Filter>头文件\VC140</Filter>
    </ClInclude>
    <ClInclude Include="VC140\amprt.h">
      <Filter>头文件\VC140</Filter>
    </ClInclude>
    <ClInclude Include="VC140\amprt_exceptions.h">
      <Filter>头文件\VC140</Filter>
    </ClInclude>
    <ClInclude Include="VC140\arm_neon.h">
      <Filter>头文件\VC140</Filter>
    </ClInclude>
    <ClInclude Include="VC140\armintr.h">
      <Filter>头文件\VC140</Filter>
    </ClInclude>
    <ClInclude Include="VC140\assert.h">
      <Filter>头文件\VC140</Filter>
    </ClInclude>
    <ClInclude Include="VC140\collection.h">
      <Filter>头文件\VC140</Filter>
    </ClInclude>
    <ClInclude Include="VC140\comdef.h">
      <Filter>头文件\VC140</Filter>
    </ClInclude>
    <ClInclude Include="VC140\comdefsp.h">
      <Filter>头文件\VC140</Filter>
    </ClInclude>
    <ClInclude Include="VC140\comip.h">
      <Filter>头文件\VC140</Filter>
    </ClInclude>
    <ClInclude Include="VC140\complex.h">
      <Filter>头文件\VC140</Filter>
    </ClInclude>
    <ClInclude Include="VC140\comutil.h">
      <Filter>头文件\VC140</Filter>
    </ClInclude>
    <ClInclude Include="VC140\concrt.h">
      <Filter>头文件\VC140</Filter>
    </ClInclude>
    <ClInclude Include="VC140\concrtrm.h">
      <Filter>头文件\VC140</Filter>
    </ClInclude>
    <ClInclude Include="VC140\ConcurrencySal.h">
      <Filter>头文件\VC140</Filter>
    </ClInclude>
    <ClInclude Include="VC140\concurrent_priority_queue.h">
      <Filter>头文件\VC140</Filter>
    </ClInclude>
    <ClInclude Include="VC140\concurrent_queue.h">
      <Filter>头文件\VC140</Filter>
    </ClInclude>
    <ClInclude Include="VC140\concurrent_unordered_map.h">
      <Filter>头文件\VC140</Filter>
    </ClInclude>
    <ClInclude Include="VC140\concurrent_unordered_set.h">
      <Filter>头文件\VC140</Filter>
    </ClInclude>
    <ClInclude Include="VC140\concurrent_vector.h">
      <Filter>头文件\VC140</Filter>
    </ClInclude>
    <ClInclude Include="VC140\conio.h">
      <Filter>头文件\VC140</Filter>
    </ClInclude>
    <ClInclude Include="VC140\corecrt.h">
      <Filter>头文件\VC140</Filter>
    </ClInclude>
    <ClInclude Include="VC140\corecrt_io.h">
      <Filter>头文件\VC140</Filter>
    </ClInclude>
    <ClInclude Include="VC140\corecrt_malloc.h">
      <Filter>头文件\VC140</Filter>
    </ClInclude>
    <ClInclude Include="VC140\corecrt_memcpy_s.h">
      <Filter>头文件\VC140</Filter>
    </ClInclude>
    <ClInclude Include="VC140\corecrt_memory.h">
      <Filter>头文件\VC140</Filter>
    </ClInclude>
    <ClInclude Include="VC140\corecrt_search.h">
      <Filter>头文件\VC140</Filter>
    </ClInclude>
    <ClInclude Include="VC140\corecrt_share.h">
      <Filter>头文件\VC140</Filter>
    </ClInclude>
    <ClInclude Include="VC140\corecrt_startup.h">
      <Filter>头文件\VC140</Filter>
    </ClInclude>
    <ClInclude Include="VC140\corecrt_stdio_config.h">
      <Filter>头文件\VC140</Filter>
    </ClInclude>
    <ClInclude Include="VC140\corecrt_terminate.h">
      <Filter>头文件\VC140</Filter>
    </ClInclude>
    <ClInclude Include="VC140\corecrt_wconio.h">
      <Filter>头文件\VC140</Filter>
    </ClInclude>
    <ClInclude Include="VC140\corecrt_wctype.h">
      <Filter>头文件\VC140</Filter>
    </ClInclude>
    <ClInclude Include="VC140\corecrt_wdirect.h">
      <Filter>头文件\VC140</Filter>
    </ClInclude>
    <ClInclude Include="VC140\corecrt_wio.h">
      <Filter>头文件\VC140</Filter>
    </ClInclude>
    <ClInclude Include="VC140\corecrt_wprocess.h">
      <Filter>头文件\VC140</Filter>
    </ClInclude>
    <ClInclude Include="VC140\corecrt_wstdio.h">
      <Filter>头文件\VC140</Filter>
    </ClInclude>
    <ClInclude Include="VC140\corecrt_wstdlib.h">
      <Filter>头文件\VC140</Filter>
    </ClInclude>
    <ClInclude Include="VC140\corecrt_wstring.h">
      <Filter>头文件\VC140</Filter>
    </ClInclude>
    <ClInclude Include="VC140\corecrt_wtime.h">
      <Filter>头文件\VC140</Filter>
    </ClInclude>
    <ClInclude Include="VC140\crtdbg.h">
      <Filter>头文件\VC140</Filter>
    </ClInclude>
    <ClInclude Include="VC140\crtdefs.h">
      <Filter>头文件\VC140</Filter>
    </ClInclude>
    <ClInclude Include="VC140\crtversion.h">
      <Filter>头文件\VC140</Filter>
    </ClInclude>
    <ClInclude Include="VC140\ctype.h">
      <Filter>头文件\VC140</Filter>
    </ClInclude>
    <ClInclude Include="VC140\delayimp.h">
      <Filter>头文件\VC140</Filter>
    </ClInclude>
    <ClInclude Include="VC140\direct.h">
      <Filter>头文件\VC140</Filter>
    </ClInclude>
    <ClInclude Include="VC140\dos.h">
      <Filter>头文件\VC140</Filter>
    </ClInclude>
    <ClInclude Include="VC140\dvec.h">
      <Filter>头文件\VC140</Filter>
    </ClInclude>
    <ClInclude Include="VC140\eh.h">
      <Filter>头文件\VC140</Filter>
    </ClInclude>
    <ClInclude Include="VC140\emmintrin.h">
      <Filter>头文件\VC140</Filter>
    </ClInclude>
    <ClInclude Include="VC140\errno.h">
      <Filter>头文件\VC140</Filter>
    </ClInclude>
    <ClInclude Include="VC140\excpt.h">
      <Filter>头文件\VC140</Filter>
    </ClInclude>
    <ClInclude Include="VC140\fcntl.h">
      <Filter>头文件\VC140</Filter>
    </ClInclude>
    <ClInclude Include="VC140\fenv.h">
      <Filter>头文件\VC140</Filter>
    </ClInclude>
    <ClInclude Include="VC140\float.h">
      <Filter>头文件\VC140</Filter>
    </ClInclude>
    <ClInclude Include="VC140\fpieee.h">
      <Filter>头文件\VC140</Filter>
    </ClInclude>
    <ClInclude Include="VC140\fvec.h">
      <Filter>头文件\VC140</Filter>
    </ClInclude>
    <ClInclude Include="VC140\gcroot.h">
      <Filter>头文件\VC140</Filter>
    </ClInclude>
    <ClInclude Include="VC140\immintrin.h">
      <Filter>头文件\VC140</Filter>
    </ClInclude>
    <ClInclude Include="VC140\internal_concurrent_hash.h">
      <Filter>头文件\VC140</Filter>
    </ClInclude>
    <ClInclude Include="VC140\internal_split_ordered_list.h">
      <Filter>头文件\VC140</Filter>
    </ClInclude>
    <ClInclude Include="VC140\intrin.h">
      <Filter>头文件\VC140</Filter>
    </ClInclude>
    <ClInclude Include="VC140\inttypes.h">
      <Filter>头文件\VC140</Filter>
    </ClInclude>
    <ClInclude Include="VC140\invkprxy.h">
      <Filter>头文件\VC140</Filter>
    </ClInclude>
    <ClInclude Include="VC140\io.h">
      <Filter>头文件\VC140</Filter>
    </ClInclude>
    <ClInclude Include="VC140\iso646.h">
      <Filter>头文件\VC140</Filter>
    </ClInclude>
    <ClInclude Include="VC140\ivec.h">
      <Filter>头文件\VC140</Filter>
    </ClInclude>
    <ClInclude Include="VC140\limits.h">
      <Filter>头文件\VC140</Filter>
    </ClInclude>
    <ClInclude Include="VC140\locale.h">
      <Filter>头文件\VC140</Filter>
    </ClInclude>
    <ClInclude Include="VC140\malloc.h">
      <Filter>头文件\VC140</Filter>
    </ClInclude>
    <ClInclude Include="VC140\math.h">
      <Filter>头文件\VC140</Filter>
    </ClInclude>
    <ClInclude Include="VC140\mbctype.h">
      <Filter>头文件\VC140</Filter>
    </ClInclude>
    <ClInclude Include="VC140\mbstring.h">
      <Filter>头文件\VC140</Filter>
    </ClInclude>
    <ClInclude Include="VC140\memory.h">
      <Filter>头文件\VC140</Filter>
    </ClInclude>
    <ClInclude Include="VC140\minmax.h">
      <Filter>头文件\VC140</Filter>
    </ClInclude>
    <ClInclude Include="VC140\mm3dnow.h">
      <Filter>头文件\VC140</Filter>
    </ClInclude>
    <ClInclude Include="VC140\mmintrin.h">
      <Filter>头文件\VC140</Filter>
    </ClInclude>
    <ClInclude Include="VC140\new.h">
      <Filter>头文件\VC140</Filter>
    </ClInclude>
    <ClInclude Include="VC140\nmmintrin.h">
      <Filter>头文件\VC140</Filter>
    </ClInclude>
    <ClInclude Include="VC140\omp.h">
      <Filter>头文件\VC140</Filter>
    </ClInclude>
    <ClInclude Include="VC140\pgobootrun.h">
      <Filter>头文件\VC140</Filter>
    </ClInclude>
    <ClInclude Include="VC140\pmmintrin.h">
      <Filter>头文件\VC140</Filter>
    </ClInclude>
    <ClInclude Include="VC140\ppl.h">
      <Filter>头文件\VC140</Filter>
    </ClInclude>
    <ClInclude Include="VC140\pplawait.h">
      <Filter>头文件\VC140</Filter>
    </ClInclude>
    <ClInclude Include="VC140\pplcancellation_token.h">
      <Filter>头文件\VC140</Filter>
    </ClInclude>
    <ClInclude Include="VC140\pplinterface.h">
      <Filter>头文件\VC140</Filter>
    </ClInclude>
    <ClInclude Include="VC140\ppltasks.h">
      <Filter>头文件\VC140</Filter>
    </ClInclude>
    <ClInclude Include="VC140\ppltaskscheduler.h">
      <Filter>头文件\VC140</Filter>
    </ClInclude>
    <ClInclude Include="VC140\pplwin.h">
      <Filter>头文件\VC140</Filter>
    </ClInclude>
    <ClInclude Include="VC140\process.h">
      <Filter>头文件\VC140</Filter>
    </ClInclude>
    <ClInclude Include="VC140\rtcapi.h">
      <Filter>头文件\VC140</Filter>
    </ClInclude>
    <ClInclude Include="VC140\safeint.h">
      <Filter>头文件\VC140</Filter>
    </ClInclude>
    <ClInclude Include="VC140\safeint_internal.h">
      <Filter>头文件\VC140</Filter>
    </ClInclude>
    <ClInclude Include="VC140\sal.h">
      <Filter>头文件\VC140</Filter>
    </ClInclude>
    <ClInclude Include="VC140\search.h">
      <Filter>头文件\VC140</Filter>
    </ClInclude>
    <ClInclude Include="VC140\setjmp.h">
      <Filter>头文件\VC140</Filter>
    </ClInclude>
    <ClInclude Include="VC140\setjmpex.h">
      <Filter>头文件\VC140</Filter>
    </ClInclude>
    <ClInclude Include="VC140\share.h">
      <Filter>头文件\VC140</Filter>
    </ClInclude>
    <ClInclude Include="VC140\signal.h">
      <Filter>头文件\VC140</Filter>
    </ClInclude>
    <ClInclude Include="VC140\smmintrin.h">
      <Filter>头文件\VC140</Filter>
    </ClInclude>
    <ClInclude Include="VC140\srv.h">
      <Filter>头文件\VC140</Filter>
    </ClInclude>
    <ClInclude Include="VC140\stdarg.h">
      <Filter>头文件\VC140</Filter>
    </ClInclude>
    <ClInclude Include="VC140\stdbool.h">
      <Filter>头文件\VC140</Filter>
    </ClInclude>
    <ClInclude Include="VC140\stddef.h">
      <Filter>头文件\VC140</Filter>
    </ClInclude>
    <ClInclude Include="VC140\stdexcpt.h">
      <Filter>头文件\VC140</Filter>
    </ClInclude>
    <ClInclude Include="VC140\stdint.h">
      <Filter>头文件\VC140</Filter>
    </ClInclude>
    <ClInclude Include="VC140\stdio.h">
      <Filter>头文件\VC140</Filter>
    </ClInclude>
    <ClInclude Include="VC140\stdlib.h">
      <Filter>头文件\VC140</Filter>
    </ClInclude>
    <ClInclude Include="VC140\string.h">
      <Filter>头文件\VC140</Filter>
    </ClInclude>
    <ClInclude Include="VC140\tchar.h">
      <Filter>头文件\VC140</Filter>
    </ClInclude>
    <ClInclude Include="VC140\time.h">
      <Filter>头文件\VC140</Filter>
    </ClInclude>
    <ClInclude Include="VC140\tmmintrin.h">
      <Filter>头文件\VC140</Filter>
    </ClInclude>
    <ClInclude Include="VC140\typeinfo.h">
      <Filter>头文件\VC140</Filter>
    </ClInclude>
    <ClInclude Include="VC140\uchar.h">
      <Filter>头文件\VC140</Filter>
    </ClInclude>
    <ClInclude Include="VC140\use_ansi.h">
      <Filter>头文件\VC140</Filter>
    </ClInclude>
    <ClInclude Include="VC140\vadefs.h">
      <Filter>头文件\VC140</Filter>
    </ClInclude>
    <ClInclude Include="VC140\varargs.h">
      <Filter>头文件\VC140</Filter>
    </ClInclude>
    <ClInclude Include="VC140\vcclr.h">
      <Filter>头文件\VC140</Filter>
    </ClInclude>
    <ClInclude Include="VC140\vccorlib.h">
      <Filter>头文件\VC140</Filter>
    </ClInclude>
    <ClInclude Include="VC140\vcruntime.h">
      <Filter>头文件\VC140</Filter>
    </ClInclude>
    <ClInclude Include="VC140\vcruntime_exception.h">
      <Filter>头文件\VC140</Filter>
    </ClInclude>
    <ClInclude Include="VC140\vcruntime_new.h">
      <Filter>头文件\VC140</Filter>
    </ClInclude>
    <ClInclude Include="VC140\vcruntime_new_debug.h">
      <Filter>头文件\VC140</Filter>
    </ClInclude>
    <ClInclude Include="VC140\vcruntime_startup.h">
      <Filter>头文件\VC140</Filter>
    </ClInclude>
    <ClInclude Include="VC140\vcruntime_string.h">
      <Filter>头文件\VC140</Filter>
    </ClInclude>
    <ClInclude Include="VC140\vcruntime_typeinfo.h">
      <Filter>头文件\VC140</Filter>
    </ClInclude>
    <ClInclude Include="VC140\vsgcapture.h">
      <Filter>头文件\VC140</Filter>
    </ClInclude>
    <ClInclude Include="VC140\wchar.h">
      <Filter>头文件\VC140</Filter>
    </ClInclude>
    <ClInclude Include="VC140\wctype.h">
      <Filter>头文件\VC140</Filter>
    </ClInclude>
    <ClInclude Include="VC140\wmmintrin.h">
      <Filter>头文件\VC140</Filter>
    </ClInclude>
    <ClInclude Include="VC140\xatomic.h">
      <Filter>头文件\VC140</Filter>
    </ClInclude>
    <ClInclude Include="VC140\xatomic0.h">
      <Filter>头文件\VC140</Filter>
    </ClInclude>
    <ClInclude Include="VC140\xkeycheck.h">
      <Filter>头文件\VC140</Filter>
    </ClInclude>
    <ClInclude Include="VC140\xlocinfo.h">
      <Filter>头文件\VC140</Filter>
    </ClInclude>
    <ClInclude Include="VC140\xmmintrin.h">
      <Filter>头文件\VC140</Filter>
    </ClInclude>
    <ClInclude Include="VC140\xtgmath.h">
      <Filter>头文件\VC140</Filter>
    </ClInclude>
    <ClInclude Include="VC140\xxamp.h">
      <Filter>头文件\VC140</Filter>
    </ClInclude>
    <ClInclude Include="VC140\xxamp_inl.h">
      <Filter>头文件\VC140</Filter>
    </ClInclude>
    <ClInclude Include="VC140\ymath.h">
      <Filter>头文件\VC140</Filter>
    </ClInclude>
    <ClInclude Include="VC140\yvals.h">
      <Filter>头文件\VC140</Filter>
    </ClInclude>
  </ItemGroup>
  <ItemGroup>
    <None Include="VC140\algorithm">
      <Filter>头文件\VC140</Filter>
    </None>
    <None Include="VC140\allocators">
      <Filter>头文件\VC140</Filter>
    </None>
    <None Include="VC140\array">
      <Filter>头文件\VC140</Filter>
    </None>
    <None Include="VC140\atomic">
      <Filter>头文件\VC140</Filter>
    </None>
    <None Include="VC140\bitset">
      <Filter>头文件\VC140</Filter>
    </None>
    <None Include="VC140\cassert">
      <Filter>头文件\VC140</Filter>
    </None>
    <None Include="VC140\ccomplex">
      <Filter>头文件\VC140</Filter>
    </None>
    <None Include="VC140\cctype">
      <Filter>头文件\VC140</Filter>
    </None>
    <None Include="VC140\cerrno">
      <Filter>头文件\VC140</Filter>
    </None>
    <None Include="VC140\cfenv">
      <Filter>头文件\VC140</Filter>
    </None>
    <None Include="VC140\cfloat">
      <Filter>头文件\VC140</Filter>
    </None>
    <None Include="VC140\chrono">
      <Filter>头文件\VC140</Filter>
    </None>
    <None Include="VC140\cinttypes">
      <Filter>头文件\VC140</Filter>
    </None>
    <None Include="VC140\ciso646">
      <Filter>头文件\VC140</Filter>
    </None>
    <None Include="VC140\climits">
      <Filter>头文件\VC140</Filter>
    </None>
    <None Include="VC140\clocale">
      <Filter>头文件\VC140</Filter>
    </None>
    <None Include="VC140\cmath">
      <Filter>头文件\VC140</Filter>
    </None>
    <None Include="VC140\codecvt">
      <Filter>头文件\VC140</Filter>
    </None>
    <None Include="VC140\complex">
      <Filter>头文件\VC140</Filter>
    </None>
    <None Include="VC140\condition_variable">
      <Filter>头文件\VC140</Filter>
    </None>
    <None Include="VC140\csetjmp">
      <Filter>头文件\VC140</Filter>
    </None>
    <None Include="VC140\csignal">
      <Filter>头文件\VC140</Filter>
    </None>
    <None Include="VC140\cstdarg">
      <Filter>头文件\VC140</Filter>
    </None>
    <None Include="VC140\cstdbool">
      <Filter>头文件\VC140</Filter>
    </None>
    <None Include="VC140\cstddef">
      <Filter>头文件\VC140</Filter>
    </None>
    <None Include="VC140\cstdint">
      <Filter>头文件\VC140</Filter>
    </None>
    <None Include="VC140\cstdio">
      <Filter>头文件\VC140</Filter>
    </None>
    <None Include="VC140\cstdlib">
      <Filter>头文件\VC140</Filter>
    </None>
    <None Include="VC140\cstring">
      <Filter>头文件\VC140</Filter>
    </None>
    <None Include="VC140\ctgmath">
      <Filter>头文件\VC140</Filter>
    </None>
    <None Include="VC140\ctime">
      <Filter>头文件\VC140</Filter>
    </None>
    <None Include="VC140\cuchar">
      <Filter>头文件\VC140</Filter>
    </None>
    <None Include="VC140\cwchar">
      <Filter>头文件\VC140</Filter>
    </None>
    <None Include="VC140\cwctype">
      <Filter>头文件\VC140</Filter>
    </None>
    <None Include="VC140\deque">
      <Filter>头文件\VC140</Filter>
    </None>
    <None Include="VC140\exception">
      <Filter>头文件\VC140</Filter>
    </None>
    <None Include="VC140\filesystem">
      <Filter>头文件\VC140</Filter>
    </None>
    <None Include="VC140\forward_list">
      <Filter>头文件\VC140</Filter>
    </None>
    <None Include="VC140\fstream">
      <Filter>头文件\VC140</Filter>
    </None>
    <None Include="VC140\functional">
      <Filter>头文件\VC140</Filter>
    </None>
    <None Include="VC140\future">
      <Filter>头文件\VC140</Filter>
    </None>
    <None Include="VC140\hash_map">
      <Filter>头文件\VC140</Filter>
    </None>
    <None Include="VC140\hash_set">
      <Filter>头文件\VC140</Filter>
    </None>
    <None Include="VC140\initializer_list">
      <Filter>头文件\VC140</Filter>
    </None>
    <None Include="VC140\iomanip">
      <Filter>头文件\VC140</Filter>
    </None>
    <None Include="VC140\ios">
      <Filter>头文件\VC140</Filter>
    </None>
    <None Include="VC140\iosfwd">
      <Filter>头文件\VC140</Filter>
    </None>
    <None Include="VC140\iostream">
      <Filter>头文件\VC140</Filter>
    </None>
    <None Include="VC140\istream">
      <Filter>头文件\VC140</Filter>
    </None>
    <None Include="VC140\iterator">
      <Filter>头文件\VC140</Filter>
    </None>
    <None Include="VC140\limits">
      <Filter>头文件\VC140</Filter>
    </None>
    <None Include="VC140\list">
      <Filter>头文件\VC140</Filter>
    </None>
    <None Include="VC140\listing.inc">
      <Filter>头文件\VC140</Filter>
    </None>
    <None Include="VC140\locale">
      <Filter>头文件\VC140</Filter>
    </None>
    <None Include="VC140\map">
      <Filter>头文件\VC140</Filter>
    </None>
    <None Include="VC140\memory">
      <Filter>头文件\VC140</Filter>
    </None>
    <None Include="VC140\mutex">
      <Filter>头文件\VC140</Filter>
    </None>
    <None Include="VC140\new">
      <Filter>头文件\VC140</Filter>
    </None>
    <None Include="VC140\numeric">
      <Filter>头文件\VC140</Filter>
    </None>
    <None Include="VC140\ostream">
      <Filter>头文件\VC140</Filter>
    </None>
    <None Include="VC140\queue">
      <Filter>头文件\VC140</Filter>
    </None>
    <None Include="VC140\random">
      <Filter>头文件\VC140</Filter>
    </None>
    <None Include="VC140\ratio">
      <Filter>头文件\VC140</Filter>
    </None>
    <None Include="VC140\regex">
      <Filter>头文件\VC140</Filter>
    </None>
    <None Include="VC140\scoped_allocator">
      <Filter>头文件\VC140</Filter>
    </None>
    <None Include="VC140\set">
      <Filter>头文件\VC140</Filter>
    </None>
    <None Include="VC140\shared_mutex">
      <Filter>头文件\VC140</Filter>
    </None>
    <None Include="VC140\sstream">
      <Filter>头文件\VC140</Filter>
    </None>
    <None Include="VC140\stack">
      <Filter>头文件\VC140</Filter>
    </None>
    <None Include="VC140\stdexcept">
      <Filter>头文件\VC140</Filter>
    </None>
    <None Include="VC140\streambuf">
      <Filter>头文件\VC140</Filter>
    </None>
    <None Include="VC140\string">
      <Filter>头文件\VC140</Filter>
    </None>
    <None Include="VC140\strstream">
      <Filter>头文件\VC140</Filter>
    </None>
    <None Include="VC140\system_error">
      <Filter>头文件\VC140</Filter>
    </None>
    <None Include="VC140\thread">
      <Filter>头文件\VC140</Filter>
    </None>
    <None Include="VC140\tuple">
      <Filter>头文件\VC140</Filter>
    </None>
    <None Include="VC140\type_traits">
      <Filter>头文件\VC140</Filter>
    </None>
    <None Include="VC140\typeindex">
      <Filter>头文件\VC140</Filter>
    </None>
    <None Include="VC140\typeinfo">
      <Filter>头文件\VC140</Filter>
    </None>
    <None Include="VC140\unordered_map">
      <Filter>头文件\VC140</Filter>
    </None>
    <None Include="VC140\unordered_set">
      <Filter>头文件\VC140</Filter>
    </None>
    <None Include="VC140\utility">
      <Filter>头文件\VC140</Filter>
    </None>
    <None Include="VC140\valarray">
      <Filter>头文件\VC140</Filter>
    </None>
    <None Include="VC140\vector">
      <Filter>头文件\VC140</Filter>
    </None>
    <None Include="VC140\xcomplex">
      <Filter>头文件\VC140</Filter>
    </None>
    <None Include="VC140\xfacet">
      <Filter>头文件\VC140</Filter>
    </None>
    <None Include="VC140\xfunctional">
      <Filter>头文件\VC140</Filter>
    </None>
    <None Include="VC140\xhash">
      <Filter>头文件\VC140</Filter>
    </None>
    <None Include="VC140\xiosbase">
      <Filter>头文件\VC140</Filter>
    </None>
    <None Include="VC140\xlocale">
      <Filter>头文件\VC140</Filter>
    </None>
    <None Include="VC140\xlocbuf">
      <Filter>头文件\VC140</Filter>
    </None>
    <None Include="VC140\xlocinfo">
      <Filter>头文件\VC140</Filter>
    </None>
    <None Include="VC140\xlocmes">
      <Filter>头文件\VC140</Filter>
    </None>
    <None Include="VC140\xlocmon">
      <Filter>头文件\VC140</Filter>
    </None>
    <None Include="VC140\xlocnum">
      <Filter>头文件\VC140</Filter>
    </None>
    <None Include="VC140\xloctime">
      <Filter>头文件\VC140</Filter>
    </None>
    <None Include="VC140\xmemory">
      <Filter>头文件\VC140</Filter>
    </None>
    <None Include="VC140\xmemory0">
      <Filter>头文件\VC140</Filter>
    </None>
    <None Include="VC140\xstddef">
      <Filter>头文件\VC140</Filter>
    </None>
    <None Include="VC140\xstring">
      <Filter>头文件\VC140</Filter>
    </None>
    <None Include="VC140\xtr1common">
      <Filter>头文件\VC140</Filter>
    </None>
    <None Include="VC140\xtree">
      <Filter>头文件\VC140</Filter>
    </None>
    <None Include="VC140\xutility">
      <Filter>头文件\VC140</Filter>
    </None>
    <None Include="VC140\xxatomic">
      <Filter>头文件\VC140</Filter>
    </None>
  </ItemGroup>
  <ItemGroup>
    <ClCompile Include="VC140\delayhlp.cpp">
      <Filter>头文件\VC140</Filter>
    </ClCompile>
    <ClCompile Include="_msvcrt.cpp">
      <Filter>源文件</Filter>
    </ClCompile>
  </ItemGroup>
  <ItemGroup>
    <Library Include="x64\msvcrt_140.lib">
      <Filter>资源文件\libx64</Filter>
    </Library>
    <Library Include="x64\msvcrt_vista.lib">
      <Filter>资源文件\libx64</Filter>
    </Library>
    <Library Include="x86\msvcrt_140.lib">
      <Filter>资源文件\libx86</Filter>
    </Library>
    <Library Include="x86\msvcrt_vista.lib">
      <Filter>资源文件\libx86</Filter>
    </Library>
  </ItemGroup>
</Project>