
Microsoft Visual Studio Solution File, Format Version 12.00
# Visual Studio 15
VisualStudioVersion = 15.0.27130.2003
MinimumVisualStudioVersion = 10.0.40219.1
Project("{8BC9CEB8-8B4A-11D0-8D11-00A0C91BC942}") = "VC-LTL-Build-Shared", "Build\VC-LTL-Build-Shared\VC-LTL-Build-Shared.vcxitems", "{939EC7F0-B12A-467F-9778-32C6FF9C208E}"
EndProject
Project("{2150E333-8FDC-42A3-9474-1A3956D46DE8}") = "14.0.24210", "14.0.24210", "{D66E44A8-D363-4C74-B41B-B0B837A192B3}"
EndProject
Project("{8BC9CEB8-8B4A-11D0-8D11-00A0C91BC942}") = "ConcRT", "Build\14.0.24210\ConcRT\ConcRT.vcxproj", "{BAB2C32C-E9C7-43ED-B061-4429C905AEF5}"
EndProject
Project("{8BC9CEB8-8B4A-11D0-8D11-00A0C91BC942}") = "ltlbuild", "Build\14.0.24210\ltlbuild\ltlbuild.vcxproj", "{01C5419E-87F5-4926-A9F9-1644254A5D1B}"
EndProject
Project("{8BC9CEB8-8B4A-11D0-8D11-00A0C91BC942}") = "stl", "Build\14.0.24210\stl\stl.vcxproj", "{78C03D0F-BE14-404A-8B19-5978813C65D7}"
EndProject
Project("{2150E333-8FDC-42A3-9474-1A3956D46DE8}") = "14.10.25017", "14.10.25017", "{E6890B56-3586-46B8-B196-1F88C98AA069}"
EndProject
Project("{8BC9CEB8-8B4A-11D0-8D11-00A0C91BC942}") = "ConcRT", "Build\14.10.25017\ConcRT\ConcRT.vcxproj", "{B9A417AC-D327-4F73-BC7E-0303AA02E80D}"
EndProject
Project("{8BC9CEB8-8B4A-11D0-8D11-00A0C91BC942}") = "ltlbuild", "Build\14.10.25017\ltlbuild\ltlbuild.vcxproj", "{B15A58C3-0F33-4C91-AF0A-C2619780420E}"
EndProject
Project("{8BC9CEB8-8B4A-11D0-8D11-00A0C91BC942}") = "stl", "Build\14.10.25017\stl\stl.vcxproj", "{EA08B0BE-2019-4206-8927-5E7581AFCB32}"
EndProject
Project("{2150E333-8FDC-42A3-9474-1A3956D46DE8}") = "14.11.25503", "14.11.25503", "{36518FF3-6D4C-4F4A-9822-28CC8647A116}"
EndProject
Project("{8BC9CEB8-8B4A-11D0-8D11-00A0C91BC942}") = "ConcRT", "Build\14.11.25503\ConcRT\ConcRT.vcxproj", "{606ECCC3-3BDA-42F1-A6EE-4A19DC4DAFF6}"
EndProject
Project("{8BC9CEB8-8B4A-11D0-8D11-00A0C91BC942}") = "ltlbuild", "Build\14.11.25503\ltlbuild\ltlbuild.vcxproj", "{378F02A4-9AAB-4046-8C93-2A6869A0EA77}"
EndProject
Project("{8BC9CEB8-8B4A-11D0-8D11-00A0C91BC942}") = "stl", "Build\14.11.25503\stl\stl.vcxproj", "{59B3674A-F6D0-43DC-95BC-9F4DEC03DCD7}"
EndProject
Project("{2150E333-8FDC-42A3-9474-1A3956D46DE8}") = "14.12.25827", "14.12.25827", "{9C4B86FF-38A6-498B-AB70-EE24661E63EE}"
EndProject
Project("{8BC9CEB8-8B4A-11D0-8D11-00A0C91BC942}") = "ConcRT", "Build\14.12.25827\ConcRT\ConcRT.vcxproj", "{F664A0EC-DAA2-4DEA-BBCE-5EE4BD61ADAA}"
EndProject
Project("{8BC9CEB8-8B4A-11D0-8D11-00A0C91BC942}") = "ltlbuild", "Build\14.12.25827\ltlbuild\ltlbuild.vcxproj", "{CB9502D7-50B1-4159-A5D2-08EDE3F38BC3}"
EndProject
Project("{8BC9CEB8-8B4A-11D0-8D11-00A0C91BC942}") = "stl", "Build\14.12.25827\stl\stl.vcxproj", "{C111712F-70BB-4FB5-B307-D93A708A5825}"
EndProject
Project("{2150E333-8FDC-42A3-9474-1A3956D46DE8}") = "14.0.24225", "14.0.24225", "{B5397834-60C0-4471-A0E9-49DC86AB14BD}"
EndProject
Project("{8BC9CEB8-8B4A-11D0-8D11-00A0C91BC942}") = "ConcRT", "Build\14.0.24225\ConcRT\ConcRT.vcxproj", "{B2F29095-0C0B-4C82-BF7C-A4125F39E574}"
EndProject
Project("{8BC9CEB8-8B4A-11D0-8D11-00A0C91BC942}") = "ltlbuild", "Build\14.0.24225\ltlbuild\ltlbuild.vcxproj", "{81326DB5-03E2-4D29-9300-35F723149B55}"
EndProject
Project("{8BC9CEB8-8B4A-11D0-8D11-00A0C91BC942}") = "stl", "Build\14.0.24225\stl\stl.vcxproj", "{6B580084-BE05-46EC-8633-51D9E456A07E}"
EndProject
Project("{2150E333-8FDC-42A3-9474-1A3956D46DE8}") = "14.0.23918", "14.0.23918", "{7E0DF48C-83DC-4D7C-80F2-DEB4D6C94BB7}"
EndProject
Project("{8BC9CEB8-8B4A-11D0-8D11-00A0C91BC942}") = "ConcRT", "Build\14.0.23918\ConcRT\ConcRT.vcxproj", "{E95678FD-7B92-4949-9631-4260F91F7902}"
EndProject
Project("{8BC9CEB8-8B4A-11D0-8D11-00A0C91BC942}") = "ltlbuild", "Build\14.0.23918\ltlbuild\ltlbuild.vcxproj", "{CD3109DB-31A0-45D0-9751-C052A242541C}"
EndProject
Project("{8BC9CEB8-8B4A-11D0-8D11-00A0C91BC942}") = "stl", "Build\14.0.23918\stl\stl.vcxproj", "{C7A0791E-E718-44D2-9597-65D2EA315DCA}"
EndProject
Project("{2150E333-8FDC-42A3-9474-1A3956D46DE8}") = "14.13.26128", "14.13.26128", "{16A1299D-04C3-4250-8EE4-FE150A578DB8}"
EndProject
Project("{8BC9CEB8-8B4A-11D0-8D11-00A0C91BC942}") = "ConcRT", "Build\14.13.26128\ConcRT\ConcRT.vcxproj", "{17FBEC8A-B838-49C5-ACA7-52608D71082D}"
EndProject
Project("{8BC9CEB8-8B4A-11D0-8D11-00A0C91BC942}") = "ltlbuild", "Build\14.13.26128\ltlbuild\ltlbuild.vcxproj", "{0DA706A3-7504-46E5-B8C4-1B7882A14984}"
EndProject
Project("{8BC9CEB8-8B4A-11D0-8D11-00A0C91BC942}") = "stl", "Build\14.13.26128\stl\stl.vcxproj", "{B31BFE67-12E9-4EEF-8EFB-06AAC3D27527}"
EndProject
Global
	GlobalSection(SharedMSBuildProjectFiles) = preSolution
		Build\VC-LTL-Build-Shared\VC-LTL-Build-Shared.vcxitems*{01c5419e-87f5-4926-a9f9-1644254a5d1b}*SharedItemsImports = 4
		Build\VC-LTL-Build-Shared\VC-LTL-Build-Shared.vcxitems*{0da706a3-7504-46e5-b8c4-1b7882a14984}*SharedItemsImports = 4
		Build\VC-LTL-Build-Shared\VC-LTL-Build-Shared.vcxitems*{378f02a4-9aab-4046-8c93-2a6869a0ea77}*SharedItemsImports = 4
		Build\VC-LTL-Build-Shared\VC-LTL-Build-Shared.vcxitems*{81326db5-03e2-4d29-9300-35f723149b55}*SharedItemsImports = 4
		Build\VC-LTL-Build-Shared\VC-LTL-Build-Shared.vcxitems*{939ec7f0-b12a-467f-9778-32c6ff9c208e}*SharedItemsImports = 9
		Build\VC-LTL-Build-Shared\VC-LTL-Build-Shared.vcxitems*{b15a58c3-0f33-4c91-af0a-c2619780420e}*SharedItemsImports = 4
		Build\VC-LTL-Build-Shared\VC-LTL-Build-Shared.vcxitems*{cb9502d7-50b1-4159-a5d2-08ede3f38bc3}*SharedItemsImports = 4
		Build\VC-LTL-Build-Shared\VC-LTL-Build-Shared.vcxitems*{cd3109db-31a0-45d0-9751-c052a242541c}*SharedItemsImports = 4
	EndGlobalSection
	GlobalSection(SolutionConfigurationPlatforms) = preSolution
		v140|x64 = v140|x64
		v140|x86 = v140|x86
		v140xp|x64 = v140xp|x64
		v140xp|x86 = v140xp|x86
		v141|x64 = v141|x64
		v141|x86 = v141|x86
		v141xp|x64 = v141xp|x64
		v141xp|x86 = v141xp|x86
	EndGlobalSection
	GlobalSection(ProjectConfigurationPlatforms) = postSolution
		{BAB2C32C-E9C7-43ED-B061-4429C905AEF5}.v140|x64.ActiveCfg = v140|x64
		{BAB2C32C-E9C7-43ED-B061-4429C905AEF5}.v140|x64.Build.0 = v140|x64
		{BAB2C32C-E9C7-43ED-B061-4429C905AEF5}.v140|x86.ActiveCfg = v140|Win32
		{BAB2C32C-E9C7-43ED-B061-4429C905AEF5}.v140|x86.Build.0 = v140|Win32
		{BAB2C32C-E9C7-43ED-B061-4429C905AEF5}.v140xp|x64.ActiveCfg = v140xp|x64
		{BAB2C32C-E9C7-43ED-B061-4429C905AEF5}.v140xp|x64.Build.0 = v140xp|x64
		{BAB2C32C-E9C7-43ED-B061-4429C905AEF5}.v140xp|x86.ActiveCfg = v140xp|Win32
		{BAB2C32C-E9C7-43ED-B061-4429C905AEF5}.v140xp|x86.Build.0 = v140xp|Win32
		{BAB2C32C-E9C7-43ED-B061-4429C905AEF5}.v141|x64.ActiveCfg = v140|x64
		{BAB2C32C-E9C7-43ED-B061-4429C905AEF5}.v141|x64.Build.0 = v140|x64
		{BAB2C32C-E9C7-43ED-B061-4429C905AEF5}.v141|x86.ActiveCfg = v140xp|Win32
		{BAB2C32C-E9C7-43ED-B061-4429C905AEF5}.v141|x86.Build.0 = v140xp|Win32
		{BAB2C32C-E9C7-43ED-B061-4429C905AEF5}.v141xp|x64.ActiveCfg = v140|x64
		{BAB2C32C-E9C7-43ED-B061-4429C905AEF5}.v141xp|x64.Build.0 = v140|x64
		{BAB2C32C-E9C7-43ED-B061-4429C905AEF5}.v141xp|x86.ActiveCfg = v140xp|Win32
		{BAB2C32C-E9C7-43ED-B061-4429C905AEF5}.v141xp|x86.Build.0 = v140xp|Win32
		{01C5419E-87F5-4926-A9F9-1644254A5D1B}.v140|x64.ActiveCfg = v140|x64
		{01C5419E-87F5-4926-A9F9-1644254A5D1B}.v140|x64.Build.0 = v140|x64
		{01C5419E-87F5-4926-A9F9-1644254A5D1B}.v140|x86.ActiveCfg = v140|Win32
		{01C5419E-87F5-4926-A9F9-1644254A5D1B}.v140|x86.Build.0 = v140|Win32
		{01C5419E-87F5-4926-A9F9-1644254A5D1B}.v140xp|x64.ActiveCfg = v140xp|x64
		{01C5419E-87F5-4926-A9F9-1644254A5D1B}.v140xp|x64.Build.0 = v140xp|x64
		{01C5419E-87F5-4926-A9F9-1644254A5D1B}.v140xp|x86.ActiveCfg = v140xp|Win32
		{01C5419E-87F5-4926-A9F9-1644254A5D1B}.v140xp|x86.Build.0 = v140xp|Win32
		{01C5419E-87F5-4926-A9F9-1644254A5D1B}.v141|x64.ActiveCfg = v140|x64
		{01C5419E-87F5-4926-A9F9-1644254A5D1B}.v141|x64.Build.0 = v140|x64
		{01C5419E-87F5-4926-A9F9-1644254A5D1B}.v141|x86.ActiveCfg = v140xp|Win32
		{01C5419E-87F5-4926-A9F9-1644254A5D1B}.v141|x86.Build.0 = v140xp|Win32
		{01C5419E-87F5-4926-A9F9-1644254A5D1B}.v141xp|x64.ActiveCfg = v140|x64
		{01C5419E-87F5-4926-A9F9-1644254A5D1B}.v141xp|x64.Build.0 = v140|x64
		{01C5419E-87F5-4926-A9F9-1644254A5D1B}.v141xp|x86.ActiveCfg = v140|Win32
		{01C5419E-87F5-4926-A9F9-1644254A5D1B}.v141xp|x86.Build.0 = v140|Win32
		{78C03D0F-BE14-404A-8B19-5978813C65D7}.v140|x64.ActiveCfg = v140|x64
		{78C03D0F-BE14-404A-8B19-5978813C65D7}.v140|x64.Build.0 = v140|x64
		{78C03D0F-BE14-404A-8B19-5978813C65D7}.v140|x86.ActiveCfg = v140|Win32
		{78C03D0F-BE14-404A-8B19-5978813C65D7}.v140|x86.Build.0 = v140|Win32
		{78C03D0F-BE14-404A-8B19-5978813C65D7}.v140xp|x64.ActiveCfg = v140xp|x64
		{78C03D0F-BE14-404A-8B19-5978813C65D7}.v140xp|x64.Build.0 = v140xp|x64
		{78C03D0F-BE14-404A-8B19-5978813C65D7}.v140xp|x86.ActiveCfg = v140xp|Win32
		{78C03D0F-BE14-404A-8B19-5978813C65D7}.v140xp|x86.Build.0 = v140xp|Win32
		{78C03D0F-BE14-404A-8B19-5978813C65D7}.v141|x64.ActiveCfg = v140|x64
		{78C03D0F-BE14-404A-8B19-5978813C65D7}.v141|x64.Build.0 = v140|x64
		{78C03D0F-BE14-404A-8B19-5978813C65D7}.v141|x86.ActiveCfg = v140xp|Win32
		{78C03D0F-BE14-404A-8B19-5978813C65D7}.v141|x86.Build.0 = v140xp|Win32
		{78C03D0F-BE14-404A-8B19-5978813C65D7}.v141xp|x64.ActiveCfg = v140|x64
		{78C03D0F-BE14-404A-8B19-5978813C65D7}.v141xp|x64.Build.0 = v140|x64
		{78C03D0F-BE14-404A-8B19-5978813C65D7}.v141xp|x86.ActiveCfg = v140xp|Win32
		{78C03D0F-BE14-404A-8B19-5978813C65D7}.v141xp|x86.Build.0 = v140xp|Win32
		{B9A417AC-D327-4F73-BC7E-0303AA02E80D}.v140|x64.ActiveCfg = v141|x64
		{B9A417AC-D327-4F73-BC7E-0303AA02E80D}.v140|x64.Build.0 = v141|x64
		{B9A417AC-D327-4F73-BC7E-0303AA02E80D}.v140|x86.ActiveCfg = v141xp|Win32
		{B9A417AC-D327-4F73-BC7E-0303AA02E80D}.v140|x86.Build.0 = v141xp|Win32
		{B9A417AC-D327-4F73-BC7E-0303AA02E80D}.v140xp|x64.ActiveCfg = v141|x64
		{B9A417AC-D327-4F73-BC7E-0303AA02E80D}.v140xp|x64.Build.0 = v141|x64
		{B9A417AC-D327-4F73-BC7E-0303AA02E80D}.v140xp|x86.ActiveCfg = v141xp|Win32
		{B9A417AC-D327-4F73-BC7E-0303AA02E80D}.v140xp|x86.Build.0 = v141xp|Win32
		{B9A417AC-D327-4F73-BC7E-0303AA02E80D}.v141|x64.ActiveCfg = v141|x64
		{B9A417AC-D327-4F73-BC7E-0303AA02E80D}.v141|x64.Build.0 = v141|x64
		{B9A417AC-D327-4F73-BC7E-0303AA02E80D}.v141|x86.ActiveCfg = v141|Win32
		{B9A417AC-D327-4F73-BC7E-0303AA02E80D}.v141|x86.Build.0 = v141|Win32
		{B9A417AC-D327-4F73-BC7E-0303AA02E80D}.v141xp|x64.ActiveCfg = v141xp|x64
		{B9A417AC-D327-4F73-BC7E-0303AA02E80D}.v141xp|x64.Build.0 = v141xp|x64
		{B9A417AC-D327-4F73-BC7E-0303AA02E80D}.v141xp|x86.ActiveCfg = v141xp|Win32
		{B9A417AC-D327-4F73-BC7E-0303AA02E80D}.v141xp|x86.Build.0 = v141xp|Win32
		{B15A58C3-0F33-4C91-AF0A-C2619780420E}.v140|x64.ActiveCfg = v141|x64
		{B15A58C3-0F33-4C91-AF0A-C2619780420E}.v140|x64.Build.0 = v141|x64
		{B15A58C3-0F33-4C91-AF0A-C2619780420E}.v140|x86.ActiveCfg = v141|Win32
		{B15A58C3-0F33-4C91-AF0A-C2619780420E}.v140|x86.Build.0 = v141|Win32
		{B15A58C3-0F33-4C91-AF0A-C2619780420E}.v140xp|x64.ActiveCfg = v141|x64
		{B15A58C3-0F33-4C91-AF0A-C2619780420E}.v140xp|x64.Build.0 = v141|x64
		{B15A58C3-0F33-4C91-AF0A-C2619780420E}.v140xp|x86.ActiveCfg = v141|Win32
		{B15A58C3-0F33-4C91-AF0A-C2619780420E}.v140xp|x86.Build.0 = v141|Win32
		{B15A58C3-0F33-4C91-AF0A-C2619780420E}.v141|x64.ActiveCfg = v141|x64
		{B15A58C3-0F33-4C91-AF0A-C2619780420E}.v141|x64.Build.0 = v141|x64
		{B15A58C3-0F33-4C91-AF0A-C2619780420E}.v141|x86.ActiveCfg = v141|Win32
		{B15A58C3-0F33-4C91-AF0A-C2619780420E}.v141|x86.Build.0 = v141|Win32
		{B15A58C3-0F33-4C91-AF0A-C2619780420E}.v141xp|x64.ActiveCfg = v141xp|x64
		{B15A58C3-0F33-4C91-AF0A-C2619780420E}.v141xp|x64.Build.0 = v141xp|x64
		{B15A58C3-0F33-4C91-AF0A-C2619780420E}.v141xp|x86.ActiveCfg = v141xp|Win32
		{B15A58C3-0F33-4C91-AF0A-C2619780420E}.v141xp|x86.Build.0 = v141xp|Win32
		{EA08B0BE-2019-4206-8927-5E7581AFCB32}.v140|x64.ActiveCfg = v141|x64
		{EA08B0BE-2019-4206-8927-5E7581AFCB32}.v140|x64.Build.0 = v141|x64
		{EA08B0BE-2019-4206-8927-5E7581AFCB32}.v140|x86.ActiveCfg = v141xp|Win32
		{EA08B0BE-2019-4206-8927-5E7581AFCB32}.v140|x86.Build.0 = v141xp|Win32
		{EA08B0BE-2019-4206-8927-5E7581AFCB32}.v140xp|x64.ActiveCfg = v141|x64
		{EA08B0BE-2019-4206-8927-5E7581AFCB32}.v140xp|x64.Build.0 = v141|x64
		{EA08B0BE-2019-4206-8927-5E7581AFCB32}.v140xp|x86.ActiveCfg = v141xp|Win32
		{EA08B0BE-2019-4206-8927-5E7581AFCB32}.v140xp|x86.Build.0 = v141xp|Win32
		{EA08B0BE-2019-4206-8927-5E7581AFCB32}.v141|x64.ActiveCfg = v141|x64
		{EA08B0BE-2019-4206-8927-5E7581AFCB32}.v141|x64.Build.0 = v141|x64
		{EA08B0BE-2019-4206-8927-5E7581AFCB32}.v141|x86.ActiveCfg = v141|Win32
		{EA08B0BE-2019-4206-8927-5E7581AFCB32}.v141|x86.Build.0 = v141|Win32
		{EA08B0BE-2019-4206-8927-5E7581AFCB32}.v141xp|x64.ActiveCfg = v141xp|x64
		{EA08B0BE-2019-4206-8927-5E7581AFCB32}.v141xp|x64.Build.0 = v141xp|x64
		{EA08B0BE-2019-4206-8927-5E7581AFCB32}.v141xp|x86.ActiveCfg = v141xp|Win32
		{EA08B0BE-2019-4206-8927-5E7581AFCB32}.v141xp|x86.Build.0 = v141xp|Win32
		{606ECCC3-3BDA-42F1-A6EE-4A19DC4DAFF6}.v140|x64.ActiveCfg = v141|x64
		{606ECCC3-3BDA-42F1-A6EE-4A19DC4DAFF6}.v140|x64.Build.0 = v141|x64
		{606ECCC3-3BDA-42F1-A6EE-4A19DC4DAFF6}.v140|x86.ActiveCfg = v141|Win32
		{606ECCC3-3BDA-42F1-A6EE-4A19DC4DAFF6}.v140|x86.Build.0 = v141|Win32
		{606ECCC3-3BDA-42F1-A6EE-4A19DC4DAFF6}.v140xp|x64.ActiveCfg = v141|x64
		{606ECCC3-3BDA-42F1-A6EE-4A19DC4DAFF6}.v140xp|x64.Build.0 = v141|x64
		{606ECCC3-3BDA-42F1-A6EE-4A19DC4DAFF6}.v140xp|x86.ActiveCfg = v141|Win32
		{606ECCC3-3BDA-42F1-A6EE-4A19DC4DAFF6}.v140xp|x86.Build.0 = v141|Win32
		{606ECCC3-3BDA-42F1-A6EE-4A19DC4DAFF6}.v141|x64.ActiveCfg = v141|x64
		{606ECCC3-3BDA-42F1-A6EE-4A19DC4DAFF6}.v141|x64.Build.0 = v141|x64
		{606ECCC3-3BDA-42F1-A6EE-4A19DC4DAFF6}.v141|x86.ActiveCfg = v141|Win32
		{606ECCC3-3BDA-42F1-A6EE-4A19DC4DAFF6}.v141|x86.Build.0 = v141|Win32
		{606ECCC3-3BDA-42F1-A6EE-4A19DC4DAFF6}.v141xp|x64.ActiveCfg = v141xp|x64
		{606ECCC3-3BDA-42F1-A6EE-4A19DC4DAFF6}.v141xp|x64.Build.0 = v141xp|x64
		{606ECCC3-3BDA-42F1-A6EE-4A19DC4DAFF6}.v141xp|x86.ActiveCfg = v141xp|Win32
		{606ECCC3-3BDA-42F1-A6EE-4A19DC4DAFF6}.v141xp|x86.Build.0 = v141xp|Win32
		{378F02A4-9AAB-4046-8C93-2A6869A0EA77}.v140|x64.ActiveCfg = v141|x64
		{378F02A4-9AAB-4046-8C93-2A6869A0EA77}.v140|x64.Build.0 = v141|x64
		{378F02A4-9AAB-4046-8C93-2A6869A0EA77}.v140|x86.ActiveCfg = v141|Win32
		{378F02A4-9AAB-4046-8C93-2A6869A0EA77}.v140|x86.Build.0 = v141|Win32
		{378F02A4-9AAB-4046-8C93-2A6869A0EA77}.v140xp|x64.ActiveCfg = v141|x64
		{378F02A4-9AAB-4046-8C93-2A6869A0EA77}.v140xp|x64.Build.0 = v141|x64
		{378F02A4-9AAB-4046-8C93-2A6869A0EA77}.v140xp|x86.ActiveCfg = v141|Win32
		{378F02A4-9AAB-4046-8C93-2A6869A0EA77}.v140xp|x86.Build.0 = v141|Win32
		{378F02A4-9AAB-4046-8C93-2A6869A0EA77}.v141|x64.ActiveCfg = v141|x64
		{378F02A4-9AAB-4046-8C93-2A6869A0EA77}.v141|x64.Build.0 = v141|x64
		{378F02A4-9AAB-4046-8C93-2A6869A0EA77}.v141|x86.ActiveCfg = v141|Win32
		{378F02A4-9AAB-4046-8C93-2A6869A0EA77}.v141|x86.Build.0 = v141|Win32
		{378F02A4-9AAB-4046-8C93-2A6869A0EA77}.v141xp|x64.ActiveCfg = v141xp|x64
		{378F02A4-9AAB-4046-8C93-2A6869A0EA77}.v141xp|x64.Build.0 = v141xp|x64
		{378F02A4-9AAB-4046-8C93-2A6869A0EA77}.v141xp|x86.ActiveCfg = v141xp|Win32
		{378F02A4-9AAB-4046-8C93-2A6869A0EA77}.v141xp|x86.Build.0 = v141xp|Win32
		{59B3674A-F6D0-43DC-95BC-9F4DEC03DCD7}.v140|x64.ActiveCfg = v141|x64
		{59B3674A-F6D0-43DC-95BC-9F4DEC03DCD7}.v140|x64.Build.0 = v141|x64
		{59B3674A-F6D0-43DC-95BC-9F4DEC03DCD7}.v140|x86.ActiveCfg = v141|Win32
		{59B3674A-F6D0-43DC-95BC-9F4DEC03DCD7}.v140|x86.Build.0 = v141|Win32
		{59B3674A-F6D0-43DC-95BC-9F4DEC03DCD7}.v140xp|x64.ActiveCfg = v141|x64
		{59B3674A-F6D0-43DC-95BC-9F4DEC03DCD7}.v140xp|x64.Build.0 = v141|x64
		{59B3674A-F6D0-43DC-95BC-9F4DEC03DCD7}.v140xp|x86.ActiveCfg = v141|Win32
		{59B3674A-F6D0-43DC-95BC-9F4DEC03DCD7}.v140xp|x86.Build.0 = v141|Win32
		{59B3674A-F6D0-43DC-95BC-9F4DEC03DCD7}.v141|x64.ActiveCfg = v141|x64
		{59B3674A-F6D0-43DC-95BC-9F4DEC03DCD7}.v141|x64.Build.0 = v141|x64
		{59B3674A-F6D0-43DC-95BC-9F4DEC03DCD7}.v141|x86.ActiveCfg = v141|Win32
		{59B3674A-F6D0-43DC-95BC-9F4DEC03DCD7}.v141|x86.Build.0 = v141|Win32
		{59B3674A-F6D0-43DC-95BC-9F4DEC03DCD7}.v141xp|x64.ActiveCfg = v141xp|x64
		{59B3674A-F6D0-43DC-95BC-9F4DEC03DCD7}.v141xp|x64.Build.0 = v141xp|x64
		{59B3674A-F6D0-43DC-95BC-9F4DEC03DCD7}.v141xp|x86.ActiveCfg = v141xp|Win32
		{59B3674A-F6D0-43DC-95BC-9F4DEC03DCD7}.v141xp|x86.Build.0 = v141xp|Win32
		{F664A0EC-DAA2-4DEA-BBCE-5EE4BD61ADAA}.v140|x64.ActiveCfg = v141|x64
		{F664A0EC-DAA2-4DEA-BBCE-5EE4BD61ADAA}.v140|x64.Build.0 = v141|x64
		{F664A0EC-DAA2-4DEA-BBCE-5EE4BD61ADAA}.v140|x86.ActiveCfg = v141|Win32
		{F664A0EC-DAA2-4DEA-BBCE-5EE4BD61ADAA}.v140|x86.Build.0 = v141|Win32
		{F664A0EC-DAA2-4DEA-BBCE-5EE4BD61ADAA}.v140xp|x64.ActiveCfg = v141|x64
		{F664A0EC-DAA2-4DEA-BBCE-5EE4BD61ADAA}.v140xp|x64.Build.0 = v141|x64
		{F664A0EC-DAA2-4DEA-BBCE-5EE4BD61ADAA}.v140xp|x86.ActiveCfg = v141|Win32
		{F664A0EC-DAA2-4DEA-BBCE-5EE4BD61ADAA}.v140xp|x86.Build.0 = v141|Win32
		{F664A0EC-DAA2-4DEA-BBCE-5EE4BD61ADAA}.v141|x64.ActiveCfg = v141|x64
		{F664A0EC-DAA2-4DEA-BBCE-5EE4BD61ADAA}.v141|x64.Build.0 = v141|x64
		{F664A0EC-DAA2-4DEA-BBCE-5EE4BD61ADAA}.v141|x86.ActiveCfg = v141|Win32
		{F664A0EC-DAA2-4DEA-BBCE-5EE4BD61ADAA}.v141|x86.Build.0 = v141|Win32
		{F664A0EC-DAA2-4DEA-BBCE-5EE4BD61ADAA}.v141xp|x64.ActiveCfg = v141xp|x64
		{F664A0EC-DAA2-4DEA-BBCE-5EE4BD61ADAA}.v141xp|x64.Build.0 = v141xp|x64
		{F664A0EC-DAA2-4DEA-BBCE-5EE4BD61ADAA}.v141xp|x86.ActiveCfg = v141xp|Win32
		{F664A0EC-DAA2-4DEA-BBCE-5EE4BD61ADAA}.v141xp|x86.Build.0 = v141xp|Win32
		{CB9502D7-50B1-4159-A5D2-08EDE3F38BC3}.v140|x64.ActiveCfg = v141|x64
		{CB9502D7-50B1-4159-A5D2-08EDE3F38BC3}.v140|x64.Build.0 = v141|x64
		{CB9502D7-50B1-4159-A5D2-08EDE3F38BC3}.v140|x86.ActiveCfg = v141|Win32
		{CB9502D7-50B1-4159-A5D2-08EDE3F38BC3}.v140|x86.Build.0 = v141|Win32
		{CB9502D7-50B1-4159-A5D2-08EDE3F38BC3}.v140xp|x64.ActiveCfg = v141|x64
		{CB9502D7-50B1-4159-A5D2-08EDE3F38BC3}.v140xp|x64.Build.0 = v141|x64
		{CB9502D7-50B1-4159-A5D2-08EDE3F38BC3}.v140xp|x86.ActiveCfg = v141|Win32
		{CB9502D7-50B1-4159-A5D2-08EDE3F38BC3}.v140xp|x86.Build.0 = v141|Win32
		{CB9502D7-50B1-4159-A5D2-08EDE3F38BC3}.v141|x64.ActiveCfg = v141|x64
		{CB9502D7-50B1-4159-A5D2-08EDE3F38BC3}.v141|x64.Build.0 = v141|x64
		{CB9502D7-50B1-4159-A5D2-08EDE3F38BC3}.v141|x86.ActiveCfg = v141|Win32
		{CB9502D7-50B1-4159-A5D2-08EDE3F38BC3}.v141|x86.Build.0 = v141|Win32
		{CB9502D7-50B1-4159-A5D2-08EDE3F38BC3}.v141xp|x64.ActiveCfg = v141xp|x64
		{CB9502D7-50B1-4159-A5D2-08EDE3F38BC3}.v141xp|x64.Build.0 = v141xp|x64
		{CB9502D7-50B1-4159-A5D2-08EDE3F38BC3}.v141xp|x86.ActiveCfg = v141xp|Win32
		{CB9502D7-50B1-4159-A5D2-08EDE3F38BC3}.v141xp|x86.Build.0 = v141xp|Win32
		{C111712F-70BB-4FB5-B307-D93A708A5825}.v140|x64.ActiveCfg = v141|x64
		{C111712F-70BB-4FB5-B307-D93A708A5825}.v140|x64.Build.0 = v141|x64
		{C111712F-70BB-4FB5-B307-D93A708A5825}.v140|x86.ActiveCfg = v141|Win32
		{C111712F-70BB-4FB5-B307-D93A708A5825}.v140|x86.Build.0 = v141|Win32
		{C111712F-70BB-4FB5-B307-D93A708A5825}.v140xp|x64.ActiveCfg = v141|x64
		{C111712F-70BB-4FB5-B307-D93A708A5825}.v140xp|x64.Build.0 = v141|x64
		{C111712F-70BB-4FB5-B307-D93A708A5825}.v140xp|x86.ActiveCfg = v141|Win32
		{C111712F-70BB-4FB5-B307-D93A708A5825}.v140xp|x86.Build.0 = v141|Win32
		{C111712F-70BB-4FB5-B307-D93A708A5825}.v141|x64.ActiveCfg = v141|x64
		{C111712F-70BB-4FB5-B307-D93A708A5825}.v141|x64.Build.0 = v141|x64
		{C111712F-70BB-4FB5-B307-D93A708A5825}.v141|x86.ActiveCfg = v141|Win32
		{C111712F-70BB-4FB5-B307-D93A708A5825}.v141|x86.Build.0 = v141|Win32
		{C111712F-70BB-4FB5-B307-D93A708A5825}.v141xp|x64.ActiveCfg = v141xp|x64
		{C111712F-70BB-4FB5-B307-D93A708A5825}.v141xp|x64.Build.0 = v141xp|x64
		{C111712F-70BB-4FB5-B307-D93A708A5825}.v141xp|x86.ActiveCfg = v141xp|Win32
		{C111712F-70BB-4FB5-B307-D93A708A5825}.v141xp|x86.Build.0 = v141xp|Win32
		{B2F29095-0C0B-4C82-BF7C-A4125F39E574}.v140|x64.ActiveCfg = v140|x64
		{B2F29095-0C0B-4C82-BF7C-A4125F39E574}.v140|x64.Build.0 = v140|x64
		{B2F29095-0C0B-4C82-BF7C-A4125F39E574}.v140|x86.ActiveCfg = v140|Win32
		{B2F29095-0C0B-4C82-BF7C-A4125F39E574}.v140|x86.Build.0 = v140|Win32
		{B2F29095-0C0B-4C82-BF7C-A4125F39E574}.v140xp|x64.ActiveCfg = v140xp|x64
		{B2F29095-0C0B-4C82-BF7C-A4125F39E574}.v140xp|x64.Build.0 = v140xp|x64
		{B2F29095-0C0B-4C82-BF7C-A4125F39E574}.v140xp|x86.ActiveCfg = v140xp|Win32
		{B2F29095-0C0B-4C82-BF7C-A4125F39E574}.v140xp|x86.Build.0 = v140xp|Win32
		{B2F29095-0C0B-4C82-BF7C-A4125F39E574}.v141|x64.ActiveCfg = v140|x64
		{B2F29095-0C0B-4C82-BF7C-A4125F39E574}.v141|x64.Build.0 = v140|x64
		{B2F29095-0C0B-4C82-BF7C-A4125F39E574}.v141|x86.ActiveCfg = v140|Win32
		{B2F29095-0C0B-4C82-BF7C-A4125F39E574}.v141|x86.Build.0 = v140|Win32
		{B2F29095-0C0B-4C82-BF7C-A4125F39E574}.v141xp|x64.ActiveCfg = v140|x64
		{B2F29095-0C0B-4C82-BF7C-A4125F39E574}.v141xp|x64.Build.0 = v140|x64
		{B2F29095-0C0B-4C82-BF7C-A4125F39E574}.v141xp|x86.ActiveCfg = v140|Win32
		{B2F29095-0C0B-4C82-BF7C-A4125F39E574}.v141xp|x86.Build.0 = v140|Win32
		{81326DB5-03E2-4D29-9300-35F723149B55}.v140|x64.ActiveCfg = v140|x64
		{81326DB5-03E2-4D29-9300-35F723149B55}.v140|x64.Build.0 = v140|x64
		{81326DB5-03E2-4D29-9300-35F723149B55}.v140|x86.ActiveCfg = v140|Win32
		{81326DB5-03E2-4D29-9300-35F723149B55}.v140|x86.Build.0 = v140|Win32
		{81326DB5-03E2-4D29-9300-35F723149B55}.v140xp|x64.ActiveCfg = v140xp|x64
		{81326DB5-03E2-4D29-9300-35F723149B55}.v140xp|x64.Build.0 = v140xp|x64
		{81326DB5-03E2-4D29-9300-35F723149B55}.v140xp|x86.ActiveCfg = v140xp|Win32
		{81326DB5-03E2-4D29-9300-35F723149B55}.v140xp|x86.Build.0 = v140xp|Win32
		{81326DB5-03E2-4D29-9300-35F723149B55}.v141|x64.ActiveCfg = v140|x64
		{81326DB5-03E2-4D29-9300-35F723149B55}.v141|x64.Build.0 = v140|x64
		{81326DB5-03E2-4D29-9300-35F723149B55}.v141|x86.ActiveCfg = v140xp|Win32
		{81326DB5-03E2-4D29-9300-35F723149B55}.v141|x86.Build.0 = v140xp|Win32
		{81326DB5-03E2-4D29-9300-35F723149B55}.v141xp|x64.ActiveCfg = v140|x64
		{81326DB5-03E2-4D29-9300-35F723149B55}.v141xp|x64.Build.0 = v140|x64
		{81326DB5-03E2-4D29-9300-35F723149B55}.v141xp|x86.ActiveCfg = v140xp|Win32
		{81326DB5-03E2-4D29-9300-35F723149B55}.v141xp|x86.Build.0 = v140xp|Win32
		{6B580084-BE05-46EC-8633-51D9E456A07E}.v140|x64.ActiveCfg = v140|x64
		{6B580084-BE05-46EC-8633-51D9E456A07E}.v140|x64.Build.0 = v140|x64
		{6B580084-BE05-46EC-8633-51D9E456A07E}.v140|x86.ActiveCfg = v140|Win32
		{6B580084-BE05-46EC-8633-51D9E456A07E}.v140|x86.Build.0 = v140|Win32
		{6B580084-BE05-46EC-8633-51D9E456A07E}.v140xp|x64.ActiveCfg = v140xp|x64
		{6B580084-BE05-46EC-8633-51D9E456A07E}.v140xp|x64.Build.0 = v140xp|x64
		{6B580084-BE05-46EC-8633-51D9E456A07E}.v140xp|x86.ActiveCfg = v140xp|Win32
		{6B580084-BE05-46EC-8633-51D9E456A07E}.v140xp|x86.Build.0 = v140xp|Win32
		{6B580084-BE05-46EC-8633-51D9E456A07E}.v141|x64.ActiveCfg = v140|x64
		{6B580084-BE05-46EC-8633-51D9E456A07E}.v141|x64.Build.0 = v140|x64
		{6B580084-BE05-46EC-8633-51D9E456A07E}.v141|x86.ActiveCfg = v140|Win32
		{6B580084-BE05-46EC-8633-51D9E456A07E}.v141|x86.Build.0 = v140|Win32
		{6B580084-BE05-46EC-8633-51D9E456A07E}.v141xp|x64.ActiveCfg = v140|x64
		{6B580084-BE05-46EC-8633-51D9E456A07E}.v141xp|x64.Build.0 = v140|x64
		{6B580084-BE05-46EC-8633-51D9E456A07E}.v141xp|x86.ActiveCfg = v140|Win32
		{6B580084-BE05-46EC-8633-51D9E456A07E}.v141xp|x86.Build.0 = v140|Win32
		{E95678FD-7B92-4949-9631-4260F91F7902}.v140|x64.ActiveCfg = v140|x64
		{E95678FD-7B92-4949-9631-4260F91F7902}.v140|x64.Build.0 = v140|x64
		{E95678FD-7B92-4949-9631-4260F91F7902}.v140|x86.ActiveCfg = v140|Win32
		{E95678FD-7B92-4949-9631-4260F91F7902}.v140|x86.Build.0 = v140|Win32
		{E95678FD-7B92-4949-9631-4260F91F7902}.v140xp|x64.ActiveCfg = v140xp|x64
		{E95678FD-7B92-4949-9631-4260F91F7902}.v140xp|x64.Build.0 = v140xp|x64
		{E95678FD-7B92-4949-9631-4260F91F7902}.v140xp|x86.ActiveCfg = v140xp|Win32
		{E95678FD-7B92-4949-9631-4260F91F7902}.v140xp|x86.Build.0 = v140xp|Win32
		{E95678FD-7B92-4949-9631-4260F91F7902}.v141|x64.ActiveCfg = v140|x64
		{E95678FD-7B92-4949-9631-4260F91F7902}.v141|x64.Build.0 = v140|x64
		{E95678FD-7B92-4949-9631-4260F91F7902}.v141|x86.ActiveCfg = v140|Win32
		{E95678FD-7B92-4949-9631-4260F91F7902}.v141|x86.Build.0 = v140|Win32
		{E95678FD-7B92-4949-9631-4260F91F7902}.v141xp|x64.ActiveCfg = v140|x64
		{E95678FD-7B92-4949-9631-4260F91F7902}.v141xp|x64.Build.0 = v140|x64
		{E95678FD-7B92-4949-9631-4260F91F7902}.v141xp|x86.ActiveCfg = v140|Win32
		{E95678FD-7B92-4949-9631-4260F91F7902}.v141xp|x86.Build.0 = v140|Win32
		{CD3109DB-31A0-45D0-9751-C052A242541C}.v140|x64.ActiveCfg = v140|x64
		{CD3109DB-31A0-45D0-9751-C052A242541C}.v140|x64.Build.0 = v140|x64
		{CD3109DB-31A0-45D0-9751-C052A242541C}.v140|x86.ActiveCfg = v140|Win32
		{CD3109DB-31A0-45D0-9751-C052A242541C}.v140|x86.Build.0 = v140|Win32
		{CD3109DB-31A0-45D0-9751-C052A242541C}.v140xp|x64.ActiveCfg = v140xp|x64
		{CD3109DB-31A0-45D0-9751-C052A242541C}.v140xp|x64.Build.0 = v140xp|x64
		{CD3109DB-31A0-45D0-9751-C052A242541C}.v140xp|x86.ActiveCfg = v140xp|Win32
		{CD3109DB-31A0-45D0-9751-C052A242541C}.v140xp|x86.Build.0 = v140xp|Win32
		{CD3109DB-31A0-45D0-9751-C052A242541C}.v141|x64.ActiveCfg = v140|x64
		{CD3109DB-31A0-45D0-9751-C052A242541C}.v141|x64.Build.0 = v140|x64
		{CD3109DB-31A0-45D0-9751-C052A242541C}.v141|x86.ActiveCfg = v140xp|Win32
		{CD3109DB-31A0-45D0-9751-C052A242541C}.v141|x86.Build.0 = v140xp|Win32
		{CD3109DB-31A0-45D0-9751-C052A242541C}.v141xp|x64.ActiveCfg = v140|x64
		{CD3109DB-31A0-45D0-9751-C052A242541C}.v141xp|x64.Build.0 = v140|x64
		{CD3109DB-31A0-45D0-9751-C052A242541C}.v141xp|x86.ActiveCfg = v140xp|Win32
		{CD3109DB-31A0-45D0-9751-C052A242541C}.v141xp|x86.Build.0 = v140xp|Win32
		{C7A0791E-E718-44D2-9597-65D2EA315DCA}.v140|x64.ActiveCfg = v140|x64
		{C7A0791E-E718-44D2-9597-65D2EA315DCA}.v140|x64.Build.0 = v140|x64
		{C7A0791E-E718-44D2-9597-65D2EA315DCA}.v140|x86.ActiveCfg = v140|Win32
		{C7A0791E-E718-44D2-9597-65D2EA315DCA}.v140|x86.Build.0 = v140|Win32
		{C7A0791E-E718-44D2-9597-65D2EA315DCA}.v140xp|x64.ActiveCfg = v140xp|x64
		{C7A0791E-E718-44D2-9597-65D2EA315DCA}.v140xp|x64.Build.0 = v140xp|x64
		{C7A0791E-E718-44D2-9597-65D2EA315DCA}.v140xp|x86.ActiveCfg = v140xp|Win32
		{C7A0791E-E718-44D2-9597-65D2EA315DCA}.v140xp|x86.Build.0 = v140xp|Win32
		{C7A0791E-E718-44D2-9597-65D2EA315DCA}.v141|x64.ActiveCfg = v140|x64
		{C7A0791E-E718-44D2-9597-65D2EA315DCA}.v141|x64.Build.0 = v140|x64
		{C7A0791E-E718-44D2-9597-65D2EA315DCA}.v141|x86.ActiveCfg = v140|Win32
		{C7A0791E-E718-44D2-9597-65D2EA315DCA}.v141|x86.Build.0 = v140|Win32
		{C7A0791E-E718-44D2-9597-65D2EA315DCA}.v141xp|x64.ActiveCfg = v140|x64
		{C7A0791E-E718-44D2-9597-65D2EA315DCA}.v141xp|x64.Build.0 = v140|x64
		{C7A0791E-E718-44D2-9597-65D2EA315DCA}.v141xp|x86.ActiveCfg = v140|Win32
		{C7A0791E-E718-44D2-9597-65D2EA315DCA}.v141xp|x86.Build.0 = v140|Win32
		{17FBEC8A-B838-49C5-ACA7-52608D71082D}.v140|x64.ActiveCfg = v141|x64
		{17FBEC8A-B838-49C5-ACA7-52608D71082D}.v140|x64.Build.0 = v141|x64
		{17FBEC8A-B838-49C5-ACA7-52608D71082D}.v140|x86.ActiveCfg = v141xp|Win32
		{17FBEC8A-B838-49C5-ACA7-52608D71082D}.v140|x86.Build.0 = v141xp|Win32
		{17FBEC8A-B838-49C5-ACA7-52608D71082D}.v140xp|x64.ActiveCfg = v141|x64
		{17FBEC8A-B838-49C5-ACA7-52608D71082D}.v140xp|x64.Build.0 = v141|x64
		{17FBEC8A-B838-49C5-ACA7-52608D71082D}.v140xp|x86.ActiveCfg = v141xp|Win32
		{17FBEC8A-B838-49C5-ACA7-52608D71082D}.v140xp|x86.Build.0 = v141xp|Win32
		{17FBEC8A-B838-49C5-ACA7-52608D71082D}.v141|x64.ActiveCfg = v141|x64
		{17FBEC8A-B838-49C5-ACA7-52608D71082D}.v141|x64.Build.0 = v141|x64
		{17FBEC8A-B838-49C5-ACA7-52608D71082D}.v141|x86.ActiveCfg = v141|Win32
		{17FBEC8A-B838-49C5-ACA7-52608D71082D}.v141|x86.Build.0 = v141|Win32
		{17FBEC8A-B838-49C5-ACA7-52608D71082D}.v141xp|x64.ActiveCfg = v141xp|x64
		{17FBEC8A-B838-49C5-ACA7-52608D71082D}.v141xp|x64.Build.0 = v141xp|x64
		{17FBEC8A-B838-49C5-ACA7-52608D71082D}.v141xp|x86.ActiveCfg = v141xp|Win32
		{17FBEC8A-B838-49C5-ACA7-52608D71082D}.v141xp|x86.Build.0 = v141xp|Win32
		{0DA706A3-7504-46E5-B8C4-1B7882A14984}.v140|x64.ActiveCfg = v141|x64
		{0DA706A3-7504-46E5-B8C4-1B7882A14984}.v140|x64.Build.0 = v141|x64
		{0DA706A3-7504-46E5-B8C4-1B7882A14984}.v140|x86.ActiveCfg = v141xp|Win32
		{0DA706A3-7504-46E5-B8C4-1B7882A14984}.v140|x86.Build.0 = v141xp|Win32
		{0DA706A3-7504-46E5-B8C4-1B7882A14984}.v140xp|x64.ActiveCfg = v141|x64
		{0DA706A3-7504-46E5-B8C4-1B7882A14984}.v140xp|x64.Build.0 = v141|x64
		{0DA706A3-7504-46E5-B8C4-1B7882A14984}.v140xp|x86.ActiveCfg = v141xp|Win32
		{0DA706A3-7504-46E5-B8C4-1B7882A14984}.v140xp|x86.Build.0 = v141xp|Win32
		{0DA706A3-7504-46E5-B8C4-1B7882A14984}.v141|x64.ActiveCfg = v141|x64
		{0DA706A3-7504-46E5-B8C4-1B7882A14984}.v141|x64.Build.0 = v141|x64
		{0DA706A3-7504-46E5-B8C4-1B7882A14984}.v141|x86.ActiveCfg = v141|Win32
		{0DA706A3-7504-46E5-B8C4-1B7882A14984}.v141|x86.Build.0 = v141|Win32
		{0DA706A3-7504-46E5-B8C4-1B7882A14984}.v141xp|x64.ActiveCfg = v141xp|x64
		{0DA706A3-7504-46E5-B8C4-1B7882A14984}.v141xp|x64.Build.0 = v141xp|x64
		{0DA706A3-7504-46E5-B8C4-1B7882A14984}.v141xp|x86.ActiveCfg = v141xp|Win32
		{0DA706A3-7504-46E5-B8C4-1B7882A14984}.v141xp|x86.Build.0 = v141xp|Win32
		{B31BFE67-12E9-4EEF-8EFB-06AAC3D27527}.v140|x64.ActiveCfg = v141|x64
		{B31BFE67-12E9-4EEF-8EFB-06AAC3D27527}.v140|x64.Build.0 = v141|x64
		{B31BFE67-12E9-4EEF-8EFB-06AAC3D27527}.v140|x86.ActiveCfg = v141xp|Win32
		{B31BFE67-12E9-4EEF-8EFB-06AAC3D27527}.v140|x86.Build.0 = v141xp|Win32
		{B31BFE67-12E9-4EEF-8EFB-06AAC3D27527}.v140xp|x64.ActiveCfg = v141|x64
		{B31BFE67-12E9-4EEF-8EFB-06AAC3D27527}.v140xp|x64.Build.0 = v141|x64
		{B31BFE67-12E9-4EEF-8EFB-06AAC3D27527}.v140xp|x86.ActiveCfg = v141xp|Win32
		{B31BFE67-12E9-4EEF-8EFB-06AAC3D27527}.v140xp|x86.Build.0 = v141xp|Win32
		{B31BFE67-12E9-4EEF-8EFB-06AAC3D27527}.v141|x64.ActiveCfg = v141|x64
		{B31BFE67-12E9-4EEF-8EFB-06AAC3D27527}.v141|x64.Build.0 = v141|x64
		{B31BFE67-12E9-4EEF-8EFB-06AAC3D27527}.v141|x86.ActiveCfg = v141|Win32
		{B31BFE67-12E9-4EEF-8EFB-06AAC3D27527}.v141|x86.Build.0 = v141|Win32
		{B31BFE67-12E9-4EEF-8EFB-06AAC3D27527}.v141xp|x64.ActiveCfg = v141xp|x64
		{B31BFE67-12E9-4EEF-8EFB-06AAC3D27527}.v141xp|x64.Build.0 = v141xp|x64
		{B31BFE67-12E9-4EEF-8EFB-06AAC3D27527}.v141xp|x86.ActiveCfg = v141xp|Win32
		{B31BFE67-12E9-4EEF-8EFB-06AAC3D27527}.v141xp|x86.Build.0 = v141xp|Win32
	EndGlobalSection
	GlobalSection(SolutionProperties) = preSolution
		HideSolutionNode = FALSE
	EndGlobalSection
	GlobalSection(NestedProjects) = preSolution
		{BAB2C32C-E9C7-43ED-B061-4429C905AEF5} = {D66E44A8-D363-4C74-B41B-B0B837A192B3}
		{01C5419E-87F5-4926-A9F9-1644254A5D1B} = {D66E44A8-D363-4C74-B41B-B0B837A192B3}
		{78C03D0F-BE14-404A-8B19-5978813C65D7} = {D66E44A8-D363-4C74-B41B-B0B837A192B3}
		{B9A417AC-D327-4F73-BC7E-0303AA02E80D} = {E6890B56-3586-46B8-B196-1F88C98AA069}
		{B15A58C3-0F33-4C91-AF0A-C2619780420E} = {E6890B56-3586-46B8-B196-1F88C98AA069}
		{EA08B0BE-2019-4206-8927-5E7581AFCB32} = {E6890B56-3586-46B8-B196-1F88C98AA069}
		{606ECCC3-3BDA-42F1-A6EE-4A19DC4DAFF6} = {36518FF3-6D4C-4F4A-9822-28CC8647A116}
		{378F02A4-9AAB-4046-8C93-2A6869A0EA77} = {36518FF3-6D4C-4F4A-9822-28CC8647A116}
		{59B3674A-F6D0-43DC-95BC-9F4DEC03DCD7} = {36518FF3-6D4C-4F4A-9822-28CC8647A116}
		{F664A0EC-DAA2-4DEA-BBCE-5EE4BD61ADAA} = {9C4B86FF-38A6-498B-AB70-EE24661E63EE}
		{CB9502D7-50B1-4159-A5D2-08EDE3F38BC3} = {9C4B86FF-38A6-498B-AB70-EE24661E63EE}
		{C111712F-70BB-4FB5-B307-D93A708A5825} = {9C4B86FF-38A6-498B-AB70-EE24661E63EE}
		{B2F29095-0C0B-4C82-BF7C-A4125F39E574} = {B5397834-60C0-4471-A0E9-49DC86AB14BD}
		{81326DB5-03E2-4D29-9300-35F723149B55} = {B5397834-60C0-4471-A0E9-49DC86AB14BD}
		{6B580084-BE05-46EC-8633-51D9E456A07E} = {B5397834-60C0-4471-A0E9-49DC86AB14BD}
		{E95678FD-7B92-4949-9631-4260F91F7902} = {7E0DF48C-83DC-4D7C-80F2-DEB4D6C94BB7}
		{CD3109DB-31A0-45D0-9751-C052A242541C} = {7E0DF48C-83DC-4D7C-80F2-DEB4D6C94BB7}
		{C7A0791E-E718-44D2-9597-65D2EA315DCA} = {7E0DF48C-83DC-4D7C-80F2-DEB4D6C94BB7}
		{17FBEC8A-B838-49C5-ACA7-52608D71082D} = {16A1299D-04C3-4250-8EE4-FE150A578DB8}
		{0DA706A3-7504-46E5-B8C4-1B7882A14984} = {16A1299D-04C3-4250-8EE4-FE150A578DB8}
		{B31BFE67-12E9-4EEF-8EFB-06AAC3D27527} = {16A1299D-04C3-4250-8EE4-FE150A578DB8}
	EndGlobalSection
	GlobalSection(ExtensibilityGlobals) = postSolution
		SolutionGuid = {14642774-0473-483E-B2E3-F5CFDEF86CC4}
	EndGlobalSection
EndGlobal
