
Microsoft Visual Studio Solution File, Format Version 12.00
# Visual Studio 15
VisualStudioVersion = 15.0.27004.2010
MinimumVisualStudioVersion = 10.0.40219.1
Project("{8BC9CEB8-8B4A-11D0-8D11-00A0C91BC942}") = "ConcRT140", "Build\ConcRT140\ConcRT140.vcxproj", "{C824FB61-A6FF-4F63-BE07-B3991F327646}"
EndProject
Project("{8BC9CEB8-8B4A-11D0-8D11-00A0C91BC942}") = "ConcRT141", "Build\ConcRT141\ConcRT141.vcxproj", "{42F61733-F14B-4F15-8EAD-BFAA72828F64}"
EndProject
Project("{8BC9CEB8-8B4A-11D0-8D11-00A0C91BC942}") = "ltlbuild", "Build\ltlbuild\ltlbuild.vcxproj", "{32DEF376-98CB-481C-A691-00742816C3BB}"
EndProject
Project("{8BC9CEB8-8B4A-11D0-8D11-00A0C91BC942}") = "msvcprt140", "Build\msvcprt140\msvcprt140.vcxproj", "{46778B32-F91D-4D4E-BD56-CBCF8B8F08E8}"
EndProject
Project("{8BC9CEB8-8B4A-11D0-8D11-00A0C91BC942}") = "msvcprt141", "Build\msvcprt141\msvcprt141.vcxproj", "{7401960B-8982-44E5-90BE-0879E7938188}"
EndProject
Global
	GlobalSection(SolutionConfigurationPlatforms) = preSolution
		v140|x64 = v140|x64
		v140|x86 = v140|x86
		v140xp|x64 = v140xp|x64
		v140xp|x86 = v140xp|x86
		v141|x64 = v141|x64
		v141|x86 = v141|x86
		v141xp|x64 = v141xp|x64
		v141xp|x86 = v141xp|x86
	EndGlobalSection
	GlobalSection(ProjectConfigurationPlatforms) = postSolution
		{C824FB61-A6FF-4F63-BE07-B3991F327646}.v140|x64.ActiveCfg = v140|x64
		{C824FB61-A6FF-4F63-BE07-B3991F327646}.v140|x64.Build.0 = v140|x64
		{C824FB61-A6FF-4F63-BE07-B3991F327646}.v140|x86.ActiveCfg = v140|Win32
		{C824FB61-A6FF-4F63-BE07-B3991F327646}.v140|x86.Build.0 = v140|Win32
		{C824FB61-A6FF-4F63-BE07-B3991F327646}.v140xp|x64.ActiveCfg = v140xp|x64
		{C824FB61-A6FF-4F63-BE07-B3991F327646}.v140xp|x64.Build.0 = v140xp|x64
		{C824FB61-A6FF-4F63-BE07-B3991F327646}.v140xp|x86.ActiveCfg = v140xp|Win32
		{C824FB61-A6FF-4F63-BE07-B3991F327646}.v140xp|x86.Build.0 = v140xp|Win32
		{C824FB61-A6FF-4F63-BE07-B3991F327646}.v141|x64.ActiveCfg = v140|x64
		{C824FB61-A6FF-4F63-BE07-B3991F327646}.v141|x64.Build.0 = v140|x64
		{C824FB61-A6FF-4F63-BE07-B3991F327646}.v141|x86.ActiveCfg = v140|Win32
		{C824FB61-A6FF-4F63-BE07-B3991F327646}.v141|x86.Build.0 = v140|Win32
		{C824FB61-A6FF-4F63-BE07-B3991F327646}.v141xp|x64.ActiveCfg = v140|x64
		{C824FB61-A6FF-4F63-BE07-B3991F327646}.v141xp|x64.Build.0 = v140|x64
		{C824FB61-A6FF-4F63-BE07-B3991F327646}.v141xp|x86.ActiveCfg = v140|Win32
		{C824FB61-A6FF-4F63-BE07-B3991F327646}.v141xp|x86.Build.0 = v140|Win32
		{42F61733-F14B-4F15-8EAD-BFAA72828F64}.v140|x64.ActiveCfg = v141|x64
		{42F61733-F14B-4F15-8EAD-BFAA72828F64}.v140|x64.Build.0 = v141|x64
		{42F61733-F14B-4F15-8EAD-BFAA72828F64}.v140|x86.ActiveCfg = v141|Win32
		{42F61733-F14B-4F15-8EAD-BFAA72828F64}.v140|x86.Build.0 = v141|Win32
		{42F61733-F14B-4F15-8EAD-BFAA72828F64}.v140xp|x64.ActiveCfg = v141|x64
		{42F61733-F14B-4F15-8EAD-BFAA72828F64}.v140xp|x64.Build.0 = v141|x64
		{42F61733-F14B-4F15-8EAD-BFAA72828F64}.v140xp|x86.ActiveCfg = v141|Win32
		{42F61733-F14B-4F15-8EAD-BFAA72828F64}.v140xp|x86.Build.0 = v141|Win32
		{42F61733-F14B-4F15-8EAD-BFAA72828F64}.v141|x64.ActiveCfg = v141|x64
		{42F61733-F14B-4F15-8EAD-BFAA72828F64}.v141|x64.Build.0 = v141|x64
		{42F61733-F14B-4F15-8EAD-BFAA72828F64}.v141|x86.ActiveCfg = v141|Win32
		{42F61733-F14B-4F15-8EAD-BFAA72828F64}.v141|x86.Build.0 = v141|Win32
		{42F61733-F14B-4F15-8EAD-BFAA72828F64}.v141xp|x64.ActiveCfg = v141xp|x64
		{42F61733-F14B-4F15-8EAD-BFAA72828F64}.v141xp|x64.Build.0 = v141xp|x64
		{42F61733-F14B-4F15-8EAD-BFAA72828F64}.v141xp|x86.ActiveCfg = v141xp|Win32
		{42F61733-F14B-4F15-8EAD-BFAA72828F64}.v141xp|x86.Build.0 = v141xp|Win32
		{32DEF376-98CB-481C-A691-00742816C3BB}.v140|x64.ActiveCfg = v140|x64
		{32DEF376-98CB-481C-A691-00742816C3BB}.v140|x64.Build.0 = v140|x64
		{32DEF376-98CB-481C-A691-00742816C3BB}.v140|x86.ActiveCfg = v140|Win32
		{32DEF376-98CB-481C-A691-00742816C3BB}.v140|x86.Build.0 = v140|Win32
		{32DEF376-98CB-481C-A691-00742816C3BB}.v140xp|x64.ActiveCfg = v140xp|x64
		{32DEF376-98CB-481C-A691-00742816C3BB}.v140xp|x64.Build.0 = v140xp|x64
		{32DEF376-98CB-481C-A691-00742816C3BB}.v140xp|x86.ActiveCfg = v140xp|Win32
		{32DEF376-98CB-481C-A691-00742816C3BB}.v140xp|x86.Build.0 = v140xp|Win32
		{32DEF376-98CB-481C-A691-00742816C3BB}.v141|x64.ActiveCfg = v141|x64
		{32DEF376-98CB-481C-A691-00742816C3BB}.v141|x64.Build.0 = v141|x64
		{32DEF376-98CB-481C-A691-00742816C3BB}.v141|x86.ActiveCfg = v141|Win32
		{32DEF376-98CB-481C-A691-00742816C3BB}.v141|x86.Build.0 = v141|Win32
		{32DEF376-98CB-481C-A691-00742816C3BB}.v141xp|x64.ActiveCfg = v141xp|x64
		{32DEF376-98CB-481C-A691-00742816C3BB}.v141xp|x64.Build.0 = v141xp|x64
		{32DEF376-98CB-481C-A691-00742816C3BB}.v141xp|x86.ActiveCfg = v141xp|Win32
		{32DEF376-98CB-481C-A691-00742816C3BB}.v141xp|x86.Build.0 = v141xp|Win32
		{46778B32-F91D-4D4E-BD56-CBCF8B8F08E8}.v140|x64.ActiveCfg = v140|x64
		{46778B32-F91D-4D4E-BD56-CBCF8B8F08E8}.v140|x64.Build.0 = v140|x64
		{46778B32-F91D-4D4E-BD56-CBCF8B8F08E8}.v140|x86.ActiveCfg = v140|Win32
		{46778B32-F91D-4D4E-BD56-CBCF8B8F08E8}.v140|x86.Build.0 = v140|Win32
		{46778B32-F91D-4D4E-BD56-CBCF8B8F08E8}.v140xp|x64.ActiveCfg = v140xp|x64
		{46778B32-F91D-4D4E-BD56-CBCF8B8F08E8}.v140xp|x64.Build.0 = v140xp|x64
		{46778B32-F91D-4D4E-BD56-CBCF8B8F08E8}.v140xp|x86.ActiveCfg = v140xp|Win32
		{46778B32-F91D-4D4E-BD56-CBCF8B8F08E8}.v140xp|x86.Build.0 = v140xp|Win32
		{46778B32-F91D-4D4E-BD56-CBCF8B8F08E8}.v141|x64.ActiveCfg = v140|x64
		{46778B32-F91D-4D4E-BD56-CBCF8B8F08E8}.v141|x64.Build.0 = v140|x64
		{46778B32-F91D-4D4E-BD56-CBCF8B8F08E8}.v141|x86.ActiveCfg = v140|Win32
		{46778B32-F91D-4D4E-BD56-CBCF8B8F08E8}.v141|x86.Build.0 = v140|Win32
		{46778B32-F91D-4D4E-BD56-CBCF8B8F08E8}.v141xp|x64.ActiveCfg = v140|x64
		{46778B32-F91D-4D4E-BD56-CBCF8B8F08E8}.v141xp|x64.Build.0 = v140|x64
		{46778B32-F91D-4D4E-BD56-CBCF8B8F08E8}.v141xp|x86.ActiveCfg = v140|Win32
		{46778B32-F91D-4D4E-BD56-CBCF8B8F08E8}.v141xp|x86.Build.0 = v140|Win32
		{7401960B-8982-44E5-90BE-0879E7938188}.v140|x64.ActiveCfg = v141|x64
		{7401960B-8982-44E5-90BE-0879E7938188}.v140|x64.Build.0 = v141|x64
		{7401960B-8982-44E5-90BE-0879E7938188}.v140|x86.ActiveCfg = v141|Win32
		{7401960B-8982-44E5-90BE-0879E7938188}.v140|x86.Build.0 = v141|Win32
		{7401960B-8982-44E5-90BE-0879E7938188}.v140xp|x64.ActiveCfg = v141|x64
		{7401960B-8982-44E5-90BE-0879E7938188}.v140xp|x64.Build.0 = v141|x64
		{7401960B-8982-44E5-90BE-0879E7938188}.v140xp|x86.ActiveCfg = v141|Win32
		{7401960B-8982-44E5-90BE-0879E7938188}.v140xp|x86.Build.0 = v141|Win32
		{7401960B-8982-44E5-90BE-0879E7938188}.v141|x64.ActiveCfg = v141|x64
		{7401960B-8982-44E5-90BE-0879E7938188}.v141|x64.Build.0 = v141|x64
		{7401960B-8982-44E5-90BE-0879E7938188}.v141|x86.ActiveCfg = v141|Win32
		{7401960B-8982-44E5-90BE-0879E7938188}.v141|x86.Build.0 = v141|Win32
		{7401960B-8982-44E5-90BE-0879E7938188}.v141xp|x64.ActiveCfg = v141xp|x64
		{7401960B-8982-44E5-90BE-0879E7938188}.v141xp|x64.Build.0 = v141xp|x64
		{7401960B-8982-44E5-90BE-0879E7938188}.v141xp|x86.ActiveCfg = v141xp|Win32
		{7401960B-8982-44E5-90BE-0879E7938188}.v141xp|x86.Build.0 = v141xp|Win32
	EndGlobalSection
	GlobalSection(SolutionProperties) = preSolution
		HideSolutionNode = FALSE
	EndGlobalSection
	GlobalSection(ExtensibilityGlobals) = postSolution
		SolutionGuid = {14642774-0473-483E-B2E3-F5CFDEF86CC4}
	EndGlobalSection
EndGlobal
